// !$*UTF8*$!
{
	archiveVersion = 1;
	classes = {
	};
	objectVersion = 46;
	objects = {

/* Begin PBXBuildFile section */
		04C02CEC1A84699B0004BEFF /* main.m in Sources */ = {isa = PBXBuildFile; fileRef = 04C02CEB1A84699B0004BEFF /* main.m */; };
		04C02CEF1A84699B0004BEFF /* AppDelegate.m in Sources */ = {isa = PBXBuildFile; fileRef = 04C02CEE1A84699B0004BEFF /* AppDelegate.m */; };
		04C02CF21A84699B0004BEFF /* ViewController.m in Sources */ = {isa = PBXBuildFile; fileRef = 04C02CF11A84699B0004BEFF /* ViewController.m */; };
		04C02CF51A84699C0004BEFF /* Main.storyboard in Resources */ = {isa = PBXBuildFile; fileRef = 04C02CF31A84699C0004BEFF /* Main.storyboard */; };
		04C02CF71A84699C0004BEFF /* Images.xcassets in Resources */ = {isa = PBXBuildFile; fileRef = 04C02CF61A84699C0004BEFF /* Images.xcassets */; };
		04C02CFA1A84699C0004BEFF /* LaunchScreen.xib in Resources */ = {isa = PBXBuildFile; fileRef = 04C02CF81A84699C0004BEFF /* LaunchScreen.xib */; };
		04C02D061A84699C0004BEFF /* JLCustomKeyboardsTests.m in Sources */ = {isa = PBXBuildFile; fileRef = 04C02D051A84699C0004BEFF /* JLCustomKeyboardsTests.m */; };
		04C02D111A846A6B0004BEFF /* JLPhoneKeyboard.m in Sources */ = {isa = PBXBuildFile; fileRef = 04C02D101A846A6B0004BEFF /* JLPhoneKeyboard.m */; };
/* End PBXBuildFile section */

/* Begin PBXContainerItemProxy section */
		04C02D001A84699C0004BEFF /* PBXContainerItemProxy */ = {
			isa = PBXContainerItemProxy;
			containerPortal = 04C02CDE1A84699B0004BEFF /* Project object */;
			proxyType = 1;
			remoteGlobalIDString = 04C02CE51A84699B0004BEFF;
			remoteInfo = JLCustomKeyboards;
		};
/* End PBXContainerItemProxy section */

/* Begin PBXFileReference section */
		04C02CE61A84699B0004BEFF /* JLCustomKeyboards.app */ = {isa = PBXFileReference; explicitFileType = wrapper.application; includeInIndex = 0; path = JLCustomKeyboards.app; sourceTree = BUILT_PRODUCTS_DIR; };
		04C02CEA1A84699B0004BEFF /* Info.plist */ = {isa = PBXFileReference; lastKnownFileType = text.plist.xml; path = Info.plist; sourceTree = "<group>"; };
		04C02CEB1A84699B0004BEFF /* main.m */ = {isa = PBXFileReference; lastKnownFileType = sourcecode.c.objc; path = main.m; sourceTree = "<group>"; };
		04C02CED1A84699B0004BEFF /* AppDelegate.h */ = {isa = PBXFileReference; lastKnownFileType = sourcecode.c.h; path = AppDelegate.h; sourceTree = "<group>"; };
		04C02CEE1A84699B0004BEFF /* AppDelegate.m */ = {isa = PBXFileReference; lastKnownFileType = sourcecode.c.objc; path = AppDelegate.m; sourceTree = "<group>"; };
		04C02CF01A84699B0004BEFF /* ViewController.h */ = {isa = PBXFileReference; lastKnownFileType = sourcecode.c.h; path = ViewController.h; sourceTree = "<group>"; };
		04C02CF11A84699B0004BEFF /* ViewController.m */ = {isa = PBXFileReference; lastKnownFileType = sourcecode.c.objc; path = ViewController.m; sourceTree = "<group>"; };
		04C02CF41A84699C0004BEFF /* Base */ = {isa = PBXFileReference; lastKnownFileType = file.storyboard; name = Base; path = Base.lproj/Main.storyboard; sourceTree = "<group>"; };
		04C02CF61A84699C0004BEFF /* Images.xcassets */ = {isa = PBXFileReference; lastKnownFileType = folder.assetcatalog; path = Images.xcassets; sourceTree = "<group>"; };
		04C02CF91A84699C0004BEFF /* Base */ = {isa = PBXFileReference; lastKnownFileType = file.xib; name = Base; path = Base.lproj/LaunchScreen.xib; sourceTree = "<group>"; };
		04C02CFF1A84699C0004BEFF /* JLCustomKeyboardsTests.xctest */ = {isa = PBXFileReference; explicitFileType = wrapper.cfbundle; includeInIndex = 0; path = JLCustomKeyboardsTests.xctest; sourceTree = BUILT_PRODUCTS_DIR; };
		04C02D041A84699C0004BEFF /* Info.plist */ = {isa = PBXFileReference; lastKnownFileType = text.plist.xml; path = Info.plist; sourceTree = "<group>"; };
		04C02D051A84699C0004BEFF /* JLCustomKeyboardsTests.m */ = {isa = PBXFileReference; lastKnownFileType = sourcecode.c.objc; path = JLCustomKeyboardsTests.m; sourceTree = "<group>"; };
		04C02D0F1A846A6B0004BEFF /* JLPhoneKeyboard.h */ = {isa = PBXFileReference; fileEncoding = 4; lastKnownFileType = sourcecode.c.h; path = JLPhoneKeyboard.h; sourceTree = "<group>"; };
		04C02D101A846A6B0004BEFF /* JLPhoneKeyboard.m */ = {isa = PBXFileReference; fileEncoding = 4; lastKnownFileType = sourcecode.c.objc; path = JLPhoneKeyboard.m; sourceTree = "<group>"; };
/* End PBXFileReference section */

/* Begin PBXFrameworksBuildPhase section */
		04C02CE31A84699B0004BEFF /* Frameworks */ = {
			isa = PBXFrameworksBuildPhase;
			buildActionMask = 2147483647;
			files = (
			);
			runOnlyForDeploymentPostprocessing = 0;
		};
		04C02CFC1A84699C0004BEFF /* Frameworks */ = {
			isa = PBXFrameworksBuildPhase;
			buildActionMask = 2147483647;
			files = (
			);
			runOnlyForDeploymentPostprocessing = 0;
		};
/* End PBXFrameworksBuildPhase section */

/* Begin PBXGroup section */
		04C02CDD1A84699B0004BEFF = {
			isa = PBXGroup;
			children = (
				04C02CE81A84699B0004BEFF /* JLCustomKeyboards */,
				04C02D021A84699C0004BEFF /* JLCustomKeyboardsTests */,
				04C02CE71A84699B0004BEFF /* Products */,
			);
			sourceTree = "<group>";
		};
		04C02CE71A84699B0004BEFF /* Products */ = {
			isa = PBXGroup;
			children = (
				04C02CE61A84699B0004BEFF /* JLCustomKeyboards.app */,
				04C02CFF1A84699C0004BEFF /* JLCustomKeyboardsTests.xctest */,
			);
			name = Products;
			sourceTree = "<group>";
		};
		04C02CE81A84699B0004BEFF /* JLCustomKeyboards */ = {
			isa = PBXGroup;
			children = (
				04C02CED1A84699B0004BEFF /* AppDelegate.h */,
				04C02CEE1A84699B0004BEFF /* AppDelegate.m */,
				04C02CF01A84699B0004BEFF /* ViewController.h */,
				04C02CF11A84699B0004BEFF /* ViewController.m */,
				04C02D0F1A846A6B0004BEFF /* JLPhoneKeyboard.h */,
				04C02D101A846A6B0004BEFF /* JLPhoneKeyboard.m */,
				04C02CF31A84699C0004BEFF /* Main.storyboard */,
				04C02CF61A84699C0004BEFF /* Images.xcassets */,
				04C02CF81A84699C0004BEFF /* LaunchScreen.xib */,
				04C02CE91A84699B0004BEFF /* Supporting Files */,
			);
			path = JLCustomKeyboards;
			sourceTree = "<group>";
		};
		04C02CE91A84699B0004BEFF /* Supporting Files */ = {
			isa = PBXGroup;
			children = (
				04C02CEA1A84699B0004BEFF /* Info.plist */,
				04C02CEB1A84699B0004BEFF /* main.m */,
			);
			name = "Supporting Files";
			sourceTree = "<group>";
		};
		04C02D021A84699C0004BEFF /* JLCustomKeyboardsTests */ = {
			isa = PBXGroup;
			children = (
				04C02D051A84699C0004BEFF /* JLCustomKeyboardsTests.m */,
				04C02D031A84699C0004BEFF /* Supporting Files */,
			);
			path = JLCustomKeyboardsTests;
			sourceTree = "<group>";
		};
		04C02D031A84699C0004BEFF /* Supporting Files */ = {
			isa = PBXGroup;
			children = (
				04C02D041A84699C0004BEFF /* Info.plist */,
			);
			name = "Supporting Files";
			sourceTree = "<group>";
		};
/* End PBXGroup section */

/* Begin PBXNativeTarget section */
		04C02CE51A84699B0004BEFF /* JLCustomKeyboards */ = {
			isa = PBXNativeTarget;
			buildConfigurationList = 04C02D091A84699C0004BEFF /* Build configuration list for PBXNativeTarget "JLCustomKeyboards" */;
			buildPhases = (
				04C02CE21A84699B0004BEFF /* Sources */,
				04C02CE31A84699B0004BEFF /* Frameworks */,
				04C02CE41A84699B0004BEFF /* Resources */,
			);
			buildRules = (
			);
			dependencies = (
			);
			name = JLCustomKeyboards;
			productName = JLCustomKeyboards;
			productReference = 04C02CE61A84699B0004BEFF /* JLCustomKeyboards.app */;
			productType = "com.apple.product-type.application";
		};
		04C02CFE1A84699C0004BEFF /* JLCustomKeyboardsTests */ = {
			isa = PBXNativeTarget;
			buildConfigurationList = 04C02D0C1A84699C0004BEFF /* Build configuration list for PBXNativeTarget "JLCustomKeyboardsTests" */;
			buildPhases = (
				04C02CFB1A84699C0004BEFF /* Sources */,
				04C02CFC1A84699C0004BEFF /* Frameworks */,
				04C02CFD1A84699C0004BEFF /* Resources */,
			);
			buildRules = (
			);
			dependencies = (
				04C02D011A84699C0004BEFF /* PBXTargetDependency */,
			);
			name = JLCustomKeyboardsTests;
			productName = JLCustomKeyboardsTests;
			productReference = 04C02CFF1A84699C0004BEFF /* JLCustomKeyboardsTests.xctest */;
			productType = "com.apple.product-type.bundle.unit-test";
		};
/* End PBXNativeTarget section */

/* Begin PBXProject section */
		04C02CDE1A84699B0004BEFF /* Project object */ = {
			isa = PBXProject;
			attributes = {
				LastUpgradeCheck = 0610;
				ORGANIZATIONNAME = mac;
				TargetAttributes = {
					04C02CE51A84699B0004BEFF = {
						CreatedOnToolsVersion = 6.1;
					};
					04C02CFE1A84699C0004BEFF = {
						CreatedOnToolsVersion = 6.1;
						TestTargetID = 04C02CE51A84699B0004BEFF;
					};
				};
			};
			buildConfigurationList = 04C02CE11A84699B0004BEFF /* Build configuration list for PBXProject "JLCustomKeyboards" */;
			compatibilityVersion = "Xcode 3.2";
			developmentRegion = English;
			hasScannedForEncodings = 0;
			knownRegions = (
				en,
				Base,
			);
			mainGroup = 04C02CDD1A84699B0004BEFF;
			productRefGroup = 04C02CE71A84699B0004BEFF /* Products */;
			projectDirPath = "";
			projectRoot = "";
			targets = (
				04C02CE51A84699B0004BEFF /* JLCustomKeyboards */,
				04C02CFE1A84699C0004BEFF /* JLCustomKeyboardsTests */,
			);
		};
/* End PBXProject section */

/* Begin PBXResourcesBuildPhase section */
		04C02CE41A84699B0004BEFF /* Resources */ = {
			isa = PBXResourcesBuildPhase;
			buildActionMask = 2147483647;
			files = (
				04C02CF51A84699C0004BEFF /* Main.storyboard in Resources */,
				04C02CFA1A84699C0004BEFF /* LaunchScreen.xib in Resources */,
				04C02CF71A84699C0004BEFF /* Images.xcassets in Resources */,
			);
			runOnlyForDeploymentPostprocessing = 0;
		};
		04C02CFD1A84699C0004BEFF /* Resources */ = {
			isa = PBXResourcesBuildPhase;
			buildActionMask = 2147483647;
			files = (
			);
			runOnlyForDeploymentPostprocessing = 0;
		};
/* End PBXResourcesBuildPhase section */

/* Begin PBXSourcesBuildPhase section */
		04C02CE21A84699B0004BEFF /* Sources */ = {
			isa = PBXSourcesBuildPhase;
			buildActionMask = 2147483647;
			files = (
				04C02CF21A84699B0004BEFF /* ViewController.m in Sources */,
				04C02D111A846A6B0004BEFF /* JLPhoneKeyboard.m in Sources */,
				04C02CEF1A84699B0004BEFF /* AppDelegate.m in Sources */,
				04C02CEC1A84699B0004BEFF /* main.m in Sources */,
			);
			runOnlyForDeploymentPostprocessing = 0;
		};
		04C02CFB1A84699C0004BEFF /* Sources */ = {
			isa = PBXSourcesBuildPhase;
			buildActionMask = 2147483647;
			files = (
				04C02D061A84699C0004BEFF /* JLCustomKeyboardsTests.m in Sources */,
			);
			runOnlyForDeploymentPostprocessing = 0;
		};
/* End PBXSourcesBuildPhase section */

/* Begin PBXTargetDependency section */
		04C02D011A84699C0004BEFF /* PBXTargetDependency */ = {
			isa = PBXTargetDependency;
			target = 04C02CE51A84699B0004BEFF /* JLCustomKeyboards */;
			targetProxy = 04C02D001A84699C0004BEFF /* PBXContainerItemProxy */;
		};
/* End PBXTargetDependency section */

/* Begin PBXVariantGroup section */
		04C02CF31A84699C0004BEFF /* Main.storyboard */ = {
			isa = PBXVariantGroup;
			children = (
				04C02CF41A84699C0004BEFF /* Base */,
			);
			name = Main.storyboard;
			sourceTree = "<group>";
		};
		04C02CF81A84699C0004BEFF /* LaunchScreen.xib */ = {
			isa = PBXVariantGroup;
			children = (
				04C02CF91A84699C0004BEFF /* Base */,
			);
			name = LaunchScreen.xib;
			sourceTree = "<group>";
		};
/* End PBXVariantGroup section */

/* Begin XCBuildConfiguration section */
		04C02D071A84699C0004BEFF /* Debug */ = {
			isa = XCBuildConfiguration;
			buildSettings = {
				ALWAYS_SEARCH_USER_PATHS = NO;
				CLANG_CXX_LANGUAGE_STANDARD = "gnu++0x";
				CLANG_CXX_LIBRARY = "libc++";
				CLANG_ENABLE_MODULES = YES;
				CLANG_ENABLE_OBJC_ARC = YES;
				CLANG_WARN_BOOL_CONVERSION = YES;
				CLANG_WARN_CONSTANT_CONVERSION = YES;
				CLANG_WARN_DIRECT_OBJC_ISA_USAGE = YES_ERROR;
				CLANG_WARN_EMPTY_BODY = YES;
				CLANG_WARN_ENUM_CONVERSION = YES;
				CLANG_WARN_INT_CONVERSION = YES;
				CLANG_WARN_OBJC_ROOT_CLASS = YES_ERROR;
				CLANG_WARN_UNREACHABLE_CODE = YES;
				CLANG_WARN__DUPLICATE_METHOD_MATCH = YES;
				"CODE_SIGN_IDENTITY[sdk=iphoneos*]" = "iPhone Developer";
				COPY_PHASE_STRIP = NO;
				ENABLE_STRICT_OBJC_MSGSEND = YES;
				GCC_C_LANGUAGE_STANDARD = gnu99;
				GCC_DYNAMIC_NO_PIC = NO;
				GCC_OPTIMIZATION_LEVEL = 0;
				GCC_PREPROCESSOR_DEFINITIONS = (
					"DEBUG=1",
					"$(inherited)",
				);
				GCC_SYMBOLS_PRIVATE_EXTERN = NO;
				GCC_WARN_64_TO_32_BIT_CONVERSION = YES;
				GCC_WARN_ABOUT_RETURN_TYPE = YES_ERROR;
				GCC_WARN_UNDECLARED_SELECTOR = YES;
				GCC_WARN_UNINITIALIZED_AUTOS = YES_AGGRESSIVE;
				GCC_WARN_UNUSED_FUNCTION = YES;
				GCC_WARN_UNUSED_VARIABLE = YES;
				IPHONEOS_DEPLOYMENT_TARGET = 8.1;
				MTL_ENABLE_DEBUG_INFO = YES;
				ONLY_ACTIVE_ARCH = YES;
				SDKROOT = iphoneos;
			};
			name = Debug;
		};
		04C02D081A84699C0004BEFF /* Release */ = {
			isa = XCBuildConfiguration;
			buildSettings = {
				ALWAYS_SEARCH_USER_PATHS = NO;
				CLANG_CXX_LANGUAGE_STANDARD = "gnu++0x";
				CLANG_CXX_LIBRARY = "libc++";
				CLANG_ENABLE_MODULES = YES;
				CLANG_ENABLE_OBJC_ARC = YES;
				CLANG_WARN_BOOL_CONVERSION = YES;
				CLANG_WARN_CONSTANT_CONVERSION = YES;
				CLANG_WARN_DIRECT_OBJC_ISA_USAGE = YES_ERROR;
				CLANG_WARN_EMPTY_BODY = YES;
				CLANG_WARN_ENUM_CONVERSION = YES;
				CLANG_WARN_INT_CONVERSION = YES;
				CLANG_WARN_OBJC_ROOT_CLASS = YES_ERROR;
				CLANG_WARN_UNREACHABLE_CODE = YES;
				CLANG_WARN__DUPLICATE_METHOD_MATCH = YES;
				"CODE_SIGN_IDENTITY[sdk=iphoneos*]" = "iPhone Developer";
				COPY_PHASE_STRIP = YES;
				ENABLE_NS_ASSERTIONS = NO;
				ENABLE_STRICT_OBJC_MSGSEND = YES;
				GCC_C_LANGUAGE_STANDARD = gnu99;
				GCC_WARN_64_TO_32_BIT_CONVERSION = YES;
				GCC_WARN_ABOUT_RETURN_TYPE = YES_ERROR;
				GCC_WARN_UNDECLARED_SELECTOR = YES;
				GCC_WARN_UNINITIALIZED_AUTOS = YES_AGGRESSIVE;
				GCC_WARN_UNUSED_FUNCTION = YES;
				GCC_WARN_UNUSED_VARIABLE = YES;
				IPHONEOS_DEPLOYMENT_TARGET = 8.1;
				MTL_ENABLE_DEBUG_INFO = NO;
				SDKROOT = iphoneos;
				VALIDATE_PRODUCT = YES;
			};
			name = Release;
		};
		04C02D0A1A84699C0004BEFF /* Debug */ = {
			isa = XCBuildConfiguration;
			buildSettings = {
				ASSETCATALOG_COMPILER_APPICON_NAME = AppIcon;
				ASSETCATALOG_COMPILER_LAUNCHIMAGE_NAME = LaunchImage;
				CODE_SIGN_IDENTITY = "iPhone Developer: Xue Yuan  (S2B25UGE9U)";
				INFOPLIST_FILE = JLCustomKeyboards/Info.plist;
				IPHONEOS_DEPLOYMENT_TARGET = 6.0;
				LD_RUNPATH_SEARCH_PATHS = "$(inherited) @executable_path/Frameworks";
				PRODUCT_NAME = "$(TARGET_NAME)";
				PROVISIONING_PROFILE = "0294c4ee-2aaa-4401-b469-7cfd390c6d27";
			};
			name = Debug;
		};
		04C02D0B1A84699C0004BEFF /* Release */ = {
			isa = XCBuildConfiguration;
			buildSettings = {
				ASSETCATALOG_COMPILER_APPICON_NAME = AppIcon;
				ASSETCATALOG_COMPILER_LAUNCHIMAGE_NAME = LaunchImage;
				CODE_SIGN_IDENTITY = "iPhone Developer: Xue Yuan  (S2B25UGE9U)";
				INFOPLIST_FILE = JLCustomKeyboards/Info.plist;
				IPHONEOS_DEPLOYMENT_TARGET = 6.0;
				LD_RUNPATH_SEARCH_PATHS = "$(inherited) @executable_path/Frameworks";
				PRODUCT_NAME = "$(TARGET_NAME)";
				PROVISIONING_PROFILE = "0294c4ee-2aaa-4401-b469-7cfd390c6d27";
			};
			name = Release;
		};
		04C02D0D1A84699C0004BEFF /* Debug */ = {
			isa = XCBuildConfiguration;
			buildSettings = {
				BUNDLE_LOADER = "$(TEST_HOST)";
				FRAMEWORK_SEARCH_PATHS = (
					"$(SDKROOT)/Developer/Library/Frameworks",
					"$(inherited)",
				);
				GCC_PREPROCESSOR_DEFINITIONS = (
					"DEBUG=1",
					"$(inherited)",
				);
				INFOPLIST_FILE = JLCustomKeyboardsTests/Info.plist;
				LD_RUNPATH_SEARCH_PATHS = "$(inherited) @executable_path/Frameworks @loader_path/Frameworks";
				PRODUCT_NAME = "$(TARGET_NAME)";
				TEST_HOST = "$(BUILT_PRODUCTS_DIR)/JLCustomKeyboards.app/JLCustomKeyboards";
			};
			name = Debug;
		};
		04C02D0E1A84699C0004BEFF /* Release */ = {
			isa = XCBuildConfiguration;
			buildSettings = {
				BUNDLE_LOADER = "$(TEST_HOST)";
				FRAMEWORK_SEARCH_PATHS = (
					"$(SDKROOT)/Developer/Library/Frameworks",
					"$(inherited)",
				);
				INFOPLIST_FILE = JLCustomKeyboardsTests/Info.plist;
				LD_RUNPATH_SEARCH_PATHS = "$(inherited) @executable_path/Frameworks @loader_path/Frameworks";
				PRODUCT_NAME = "$(TARGET_NAME)";
				TEST_HOST = "$(BUILT_PRODUCTS_DIR)/JLCustomKeyboards.app/JLCustomKeyboards";
			};
			name = Release;
		};
/* End XCBuildConfiguration section */

/* Begin XCConfigurationList section */
		04C02CE11A84699B0004BEFF /* Build configuration list for PBXProject "JLCustomKeyboards" */ = {
			isa = XCConfigurationList;
			buildConfigurations = (
				04C02D071A84699C0004BEFF /* Debug */,
				04C02D081A84699C0004BEFF /* Release */,
			);
			defaultConfigurationIsVisible = 0;
			defaultConfigurationName = Release;
		};
		04C02D091A84699C0004BEFF /* Build configuration list for PBXNativeTarget "JLCustomKeyboards" */ = {
			isa = XCConfigurationList;
			buildConfigurations = (
				04C02D0A1A84699C0004BEFF /* Debug */,
				04C02D0B1A84699C0004BEFF /* Release */,
			);
			defaultConfigurationIsVisible = 0;
			defaultConfigurationName = Release;
		};
		04C02D0C1A84699C0004BEFF /* Build configuration list for PBXNativeTarget "JLCustomKeyboardsTests" */ = {
			isa = XCConfigurationList;
			buildConfigurations = (
				04C02D0D1A84699C0004BEFF /* Debug */,
				04C02D0E1A84699C0004BEFF /* Release */,
			);
			defaultConfigurationIsVisible = 0;
			defaultConfigurationName = Release;
		};
/* End XCConfigurationList section */
	};
	rootObject = 04C02CDE1A84699B0004BEFF /* Project object */;
}
